
Microsoft Visual Studio Solution File, Format Version 12.00
# Visual Studio Version 17
VisualStudioVersion = 17.8.34316.72
MinimumVisualStudioVersion = 10.0.40219.1
Project("{FAE04EC0-301F-11D3-BF4B-00C04F79EFBC}") = "Gluenet-QBT-PortForward-Update", "Gluenet-QBT-PortForward-Update.csproj", "{869E4D4D-3465-41A4-92BB-94D461747934}"
EndProject
Global
	GlobalSection(SolutionConfigurationPlatforms) = preSolution
		Debug|Any CPU = Debug|Any CPU
		Release|Any CPU = Release|Any CPU
	EndGlobalSection
	GlobalSection(ProjectConfigurationPlatforms) = postSolution
		{869E4D4D-3465-41A4-92BB-94D461747934}.Debug|Any CPU.ActiveCfg = Debug|Any CPU
		{869E4D4D-3465-41A4-92BB-94D461747934}.Debug|Any CPU.Build.0 = Debug|Any CPU
		{869E4D4D-3465-41A4-92BB-94D461747934}.Release|Any CPU.ActiveCfg = Release|Any CPU
		{869E4D4D-3465-41A4-92BB-94D461747934}.Release|Any CPU.Build.0 = Release|Any CPU
	EndGlobalSection
	GlobalSection(SolutionProperties) = preSolution
		HideSolutionNode = FALSE
	EndGlobalSection
	GlobalSection(ExtensibilityGlobals) = postSolution
		SolutionGuid = {BC596249-845A-46B2-97E3-0BE810EC73DB}
	EndGlobalSection
EndGlobal
